
Microsoft Visual Studio Solution File, Format Version 12.00
# Visual Studio Version 16
VisualStudioVersion = 16.0.31019.35
MinimumVisualStudioVersion = 10.0.40219.1
Project("{FAE04EC0-301F-11D3-BF4B-00C04F79EFBC}") = "TokoPunakawan", "TokoPunakawan\TokoPunakawan.csproj", "{35151270-C7F3-4745-B865-C9473BA22B77}"
EndProject
Global
	GlobalSection(SolutionConfigurationPlatforms) = preSolution
		Debug|Any CPU = Debug|Any CPU
		Release|Any CPU = Release|Any CPU
	EndGlobalSection
	GlobalSection(ProjectConfigurationPlatforms) = postSolution
		{35151270-C7F3-4745-B865-C9473BA22B77}.Debug|Any CPU.ActiveCfg = Debug|Any CPU
		{35151270-C7F3-4745-B865-C9473BA22B77}.Debug|Any CPU.Build.0 = Debug|Any CPU
		{35151270-C7F3-4745-B865-C9473BA22B77}.Release|Any CPU.ActiveCfg = Release|Any CPU
		{35151270-C7F3-4745-B865-C9473BA22B77}.Release|Any CPU.Build.0 = Release|Any CPU
	EndGlobalSection
	GlobalSection(SolutionProperties) = preSolution
		HideSolutionNode = FALSE
	EndGlobalSection
	GlobalSection(ExtensibilityGlobals) = postSolution
		SolutionGuid = {38E21383-7392-4D94-AB8F-575CA02F0424}
	EndGlobalSection
EndGlobal
